// !$*UTF8*$!
{
	archiveVersion = 1;
	classes = {
	};
	objectVersion = 55;
	objects = {

/* Begin PBXBuildFile section */
		20659B93FC858ECDE8E194C1 /* Pods_Movie_Theater_App.framework in Frameworks */ = {isa = PBXBuildFile; fileRef = EADDBA3A10021C6B3ADC2BA0 /* Pods_Movie_Theater_App.framework */; };
		A287036B28621A8900152415 /* AppDelegate.swift in Sources */ = {isa = PBXBuildFile; fileRef = A287036A28621A8900152415 /* AppDelegate.swift */; };
		A287036D28621A8900152415 /* SceneDelegate.swift in Sources */ = {isa = PBXBuildFile; fileRef = A287036C28621A8900152415 /* SceneDelegate.swift */; };
		A287036F28621A8900152415 /* HomeViewController.swift in Sources */ = {isa = PBXBuildFile; fileRef = A287036E28621A8900152415 /* HomeViewController.swift */; };
		A287037228621A8900152415 /* Main.storyboard in Resources */ = {isa = PBXBuildFile; fileRef = A287037028621A8900152415 /* Main.storyboard */; };
		A287037428621A8B00152415 /* Assets.xcassets in Resources */ = {isa = PBXBuildFile; fileRef = A287037328621A8B00152415 /* Assets.xcassets */; };
		A287037728621A8B00152415 /* LaunchScreen.storyboard in Resources */ = {isa = PBXBuildFile; fileRef = A287037528621A8B00152415 /* LaunchScreen.storyboard */; };
		A287037F28621E6900152415 /* HomeTableViewCell.swift in Sources */ = {isa = PBXBuildFile; fileRef = A287037E28621E6900152415 /* HomeTableViewCell.swift */; };
		A287038228621E8500152415 /* HomeCollectionViewCell.swift in Sources */ = {isa = PBXBuildFile; fileRef = A287038128621E8500152415 /* HomeCollectionViewCell.swift */; };
		A287038528621E9E00152415 /* HomeTableViewExtensions.swift in Sources */ = {isa = PBXBuildFile; fileRef = A287038428621E9E00152415 /* HomeTableViewExtensions.swift */; };
		A287038728621EAC00152415 /* HomeCollectionViewExtensions.swift in Sources */ = {isa = PBXBuildFile; fileRef = A287038628621EAC00152415 /* HomeCollectionViewExtensions.swift */; };
		A28703892862210E00152415 /* Constants.swift in Sources */ = {isa = PBXBuildFile; fileRef = A28703882862210E00152415 /* Constants.swift */; };
		A287039A2863725100152415 /* HotTableViewExtensions.swift in Sources */ = {isa = PBXBuildFile; fileRef = A28703992863725100152415 /* HotTableViewExtensions.swift */; };
		A287039C2863726E00152415 /* HotViewController.swift in Sources */ = {isa = PBXBuildFile; fileRef = A287039B2863726E00152415 /* HotViewController.swift */; };
		A28703A1286372F300152415 /* HotTableViewCell.swift in Sources */ = {isa = PBXBuildFile; fileRef = A287039F286372F300152415 /* HotTableViewCell.swift */; };
		A28703A2286372F300152415 /* HotTableViewCell.xib in Resources */ = {isa = PBXBuildFile; fileRef = A28703A0286372F300152415 /* HotTableViewCell.xib */; };
		A28703A52863784D00152415 /* SearchViewController.swift in Sources */ = {isa = PBXBuildFile; fileRef = A28703A42863784D00152415 /* SearchViewController.swift */; };
		A28703A7286378AE00152415 /* SearchTableViewCell.swift in Sources */ = {isa = PBXBuildFile; fileRef = A28703A6286378AE00152415 /* SearchTableViewCell.swift */; };
		A28703A928637A4600152415 /* SearchTableViewExtensions.swift in Sources */ = {isa = PBXBuildFile; fileRef = A28703A828637A4600152415 /* SearchTableViewExtensions.swift */; };
		A28703AD2866E3C300152415 /* Movies.swift in Sources */ = {isa = PBXBuildFile; fileRef = A28703AC2866E3C300152415 /* Movies.swift */; };
		A28703AF2866E3DE00152415 /* ResultsMovies.swift in Sources */ = {isa = PBXBuildFile; fileRef = A28703AE2866E3DE00152415 /* ResultsMovies.swift */; };
		A28703B12866E48700152415 /* Podfile in Resources */ = {isa = PBXBuildFile; fileRef = A28703B02866E48700152415 /* Podfile */; };
		A28703B32866F92200152415 /* DetailsViewController.swift in Sources */ = {isa = PBXBuildFile; fileRef = A28703B22866F92200152415 /* DetailsViewController.swift */; };
		A2F8F53B287C519800834D11 /* UpcomingMedia.swift in Sources */ = {isa = PBXBuildFile; fileRef = A2F8F53A287C519800834D11 /* UpcomingMedia.swift */; };
		A2F8F53D287C519B00834D11 /* UpcomingResults.swift in Sources */ = {isa = PBXBuildFile; fileRef = A2F8F53C287C519B00834D11 /* UpcomingResults.swift */; };
		A2F8F53F287C51D000834D11 /* Dates.swift in Sources */ = {isa = PBXBuildFile; fileRef = A2F8F53E287C51D000834D11 /* Dates.swift */; };
		A2FF5A05287C256E002E9AD6 /* ResultPopular.swift in Sources */ = {isa = PBXBuildFile; fileRef = A2FF5A03287C256E002E9AD6 /* ResultPopular.swift */; };
		A2FF5A06287C256F002E9AD6 /* PopularMedia.swift in Sources */ = {isa = PBXBuildFile; fileRef = A2FF5A04287C256E002E9AD6 /* PopularMedia.swift */; };
		A2FF8241287305DC003F7F1C /* NetworkManager.swift in Sources */ = {isa = PBXBuildFile; fileRef = A2FF8240287305DC003F7F1C /* NetworkManager.swift */; };
		A2FF824628732704003F7F1C /* ResultsTV.swift in Sources */ = {isa = PBXBuildFile; fileRef = A2FF824528732704003F7F1C /* ResultsTV.swift */; };
		A2FF824828732706003F7F1C /* TV.swift in Sources */ = {isa = PBXBuildFile; fileRef = A2FF824728732706003F7F1C /* TV.swift */; };
		A2FF825028748CB3003F7F1C /* DataManager.swift in Sources */ = {isa = PBXBuildFile; fileRef = A2FF824F28748CB3003F7F1C /* DataManager.swift */; };
		A2FF825228748F16003F7F1C /* DownloadViewController.swift in Sources */ = {isa = PBXBuildFile; fileRef = A2FF825128748F16003F7F1C /* DownloadViewController.swift */; };
		A2FF825428748F81003F7F1C /* DownloadTableViewCell.swift in Sources */ = {isa = PBXBuildFile; fileRef = A2FF825328748F81003F7F1C /* DownloadTableViewCell.swift */; };
		A2FF82612875AD5D003F7F1C /* DataMovieRealm.swift in Sources */ = {isa = PBXBuildFile; fileRef = A2FF82602875AD5D003F7F1C /* DataMovieRealm.swift */; };
		A2FF82622875D09E003F7F1C /* video.mp4 in Resources */ = {isa = PBXBuildFile; fileRef = A2FF825C28759045003F7F1C /* video.mp4 */; };
		A2FF82662875F4E6003F7F1C /* Json4Swift_Base.swift in Sources */ = {isa = PBXBuildFile; fileRef = A2FF82642875F4E5003F7F1C /* Json4Swift_Base.swift */; };
		A2FF82672875F4E6003F7F1C /* Results.swift in Sources */ = {isa = PBXBuildFile; fileRef = A2FF82652875F4E6003F7F1C /* Results.swift */; };
		A2FF826928771F67003F7F1C /* APIManager.swift in Sources */ = {isa = PBXBuildFile; fileRef = A2FF826828771F67003F7F1C /* APIManager.swift */; };
		A2FF826B28772143003F7F1C /* NetworkManagerTest.swift in Sources */ = {isa = PBXBuildFile; fileRef = A2FF826A28772143003F7F1C /* NetworkManagerTest.swift */; };
		A2FF826D2877275B003F7F1C /* TVJSON.swift in Sources */ = {isa = PBXBuildFile; fileRef = A2FF826C2877275B003F7F1C /* TVJSON.swift */; };
/* End PBXBuildFile section */

/* Begin PBXFileReference section */
		96731ADA862909728F10AA76 /* Pods-Movie Theater App.release.xcconfig */ = {isa = PBXFileReference; includeInIndex = 1; lastKnownFileType = text.xcconfig; name = "Pods-Movie Theater App.release.xcconfig"; path = "Target Support Files/Pods-Movie Theater App/Pods-Movie Theater App.release.xcconfig"; sourceTree = "<group>"; };
		A287036728621A8900152415 /* Movie Theater App.app */ = {isa = PBXFileReference; explicitFileType = wrapper.application; includeInIndex = 0; path = "Movie Theater App.app"; sourceTree = BUILT_PRODUCTS_DIR; };
		A287036A28621A8900152415 /* AppDelegate.swift */ = {isa = PBXFileReference; lastKnownFileType = sourcecode.swift; path = AppDelegate.swift; sourceTree = "<group>"; };
		A287036C28621A8900152415 /* SceneDelegate.swift */ = {isa = PBXFileReference; lastKnownFileType = sourcecode.swift; path = SceneDelegate.swift; sourceTree = "<group>"; };
		A287036E28621A8900152415 /* HomeViewController.swift */ = {isa = PBXFileReference; lastKnownFileType = sourcecode.swift; path = HomeViewController.swift; sourceTree = "<group>"; };
		A287037128621A8900152415 /* Base */ = {isa = PBXFileReference; lastKnownFileType = file.storyboard; name = Base; path = Base.lproj/Main.storyboard; sourceTree = "<group>"; };
		A287037328621A8B00152415 /* Assets.xcassets */ = {isa = PBXFileReference; lastKnownFileType = folder.assetcatalog; path = Assets.xcassets; sourceTree = "<group>"; };
		A287037628621A8B00152415 /* Base */ = {isa = PBXFileReference; lastKnownFileType = file.storyboard; name = Base; path = Base.lproj/LaunchScreen.storyboard; sourceTree = "<group>"; };
		A287037828621A8B00152415 /* Info.plist */ = {isa = PBXFileReference; lastKnownFileType = text.plist.xml; path = Info.plist; sourceTree = "<group>"; };
		A287037E28621E6900152415 /* HomeTableViewCell.swift */ = {isa = PBXFileReference; lastKnownFileType = sourcecode.swift; path = HomeTableViewCell.swift; sourceTree = "<group>"; };
		A287038128621E8500152415 /* HomeCollectionViewCell.swift */ = {isa = PBXFileReference; lastKnownFileType = sourcecode.swift; path = HomeCollectionViewCell.swift; sourceTree = "<group>"; };
		A287038428621E9E00152415 /* HomeTableViewExtensions.swift */ = {isa = PBXFileReference; lastKnownFileType = sourcecode.swift; path = HomeTableViewExtensions.swift; sourceTree = "<group>"; };
		A287038628621EAC00152415 /* HomeCollectionViewExtensions.swift */ = {isa = PBXFileReference; lastKnownFileType = sourcecode.swift; path = HomeCollectionViewExtensions.swift; sourceTree = "<group>"; };
		A28703882862210E00152415 /* Constants.swift */ = {isa = PBXFileReference; lastKnownFileType = sourcecode.swift; path = Constants.swift; sourceTree = "<group>"; };
		A28703992863725100152415 /* HotTableViewExtensions.swift */ = {isa = PBXFileReference; lastKnownFileType = sourcecode.swift; path = HotTableViewExtensions.swift; sourceTree = "<group>"; };
		A287039B2863726E00152415 /* HotViewController.swift */ = {isa = PBXFileReference; lastKnownFileType = sourcecode.swift; path = HotViewController.swift; sourceTree = "<group>"; };
		A287039F286372F300152415 /* HotTableViewCell.swift */ = {isa = PBXFileReference; lastKnownFileType = sourcecode.swift; path = HotTableViewCell.swift; sourceTree = "<group>"; };
		A28703A0286372F300152415 /* HotTableViewCell.xib */ = {isa = PBXFileReference; lastKnownFileType = file.xib; path = HotTableViewCell.xib; sourceTree = "<group>"; };
		A28703A42863784D00152415 /* SearchViewController.swift */ = {isa = PBXFileReference; lastKnownFileType = sourcecode.swift; path = SearchViewController.swift; sourceTree = "<group>"; };
		A28703A6286378AE00152415 /* SearchTableViewCell.swift */ = {isa = PBXFileReference; lastKnownFileType = sourcecode.swift; path = SearchTableViewCell.swift; sourceTree = "<group>"; };
		A28703A828637A4600152415 /* SearchTableViewExtensions.swift */ = {isa = PBXFileReference; lastKnownFileType = sourcecode.swift; path = SearchTableViewExtensions.swift; sourceTree = "<group>"; };
		A28703AC2866E3C300152415 /* Movies.swift */ = {isa = PBXFileReference; lastKnownFileType = sourcecode.swift; path = Movies.swift; sourceTree = "<group>"; };
		A28703AE2866E3DE00152415 /* ResultsMovies.swift */ = {isa = PBXFileReference; lastKnownFileType = sourcecode.swift; path = ResultsMovies.swift; sourceTree = "<group>"; };
		A28703B02866E48700152415 /* Podfile */ = {isa = PBXFileReference; fileEncoding = 4; lastKnownFileType = text; path = Podfile; sourceTree = SOURCE_ROOT; xcLanguageSpecificationIdentifier = xcode.lang.ruby; };
		A28703B22866F92200152415 /* DetailsViewController.swift */ = {isa = PBXFileReference; lastKnownFileType = sourcecode.swift; path = DetailsViewController.swift; sourceTree = "<group>"; };
		A2F8F53A287C519800834D11 /* UpcomingMedia.swift */ = {isa = PBXFileReference; lastKnownFileType = sourcecode.swift; path = UpcomingMedia.swift; sourceTree = "<group>"; };
		A2F8F53C287C519B00834D11 /* UpcomingResults.swift */ = {isa = PBXFileReference; lastKnownFileType = sourcecode.swift; path = UpcomingResults.swift; sourceTree = "<group>"; };
		A2F8F53E287C51D000834D11 /* Dates.swift */ = {isa = PBXFileReference; lastKnownFileType = sourcecode.swift; path = Dates.swift; sourceTree = "<group>"; };
		A2FF5A03287C256E002E9AD6 /* ResultPopular.swift */ = {isa = PBXFileReference; fileEncoding = 4; lastKnownFileType = sourcecode.swift; path = ResultPopular.swift; sourceTree = "<group>"; };
		A2FF5A04287C256E002E9AD6 /* PopularMedia.swift */ = {isa = PBXFileReference; fileEncoding = 4; lastKnownFileType = sourcecode.swift; path = PopularMedia.swift; sourceTree = "<group>"; };
		A2FF8240287305DC003F7F1C /* NetworkManager.swift */ = {isa = PBXFileReference; lastKnownFileType = sourcecode.swift; path = NetworkManager.swift; sourceTree = "<group>"; };
		A2FF824528732704003F7F1C /* ResultsTV.swift */ = {isa = PBXFileReference; lastKnownFileType = sourcecode.swift; path = ResultsTV.swift; sourceTree = "<group>"; };
		A2FF824728732706003F7F1C /* TV.swift */ = {isa = PBXFileReference; lastKnownFileType = sourcecode.swift; path = TV.swift; sourceTree = "<group>"; };
		A2FF824F28748CB3003F7F1C /* DataManager.swift */ = {isa = PBXFileReference; lastKnownFileType = sourcecode.swift; path = DataManager.swift; sourceTree = "<group>"; };
		A2FF825128748F16003F7F1C /* DownloadViewController.swift */ = {isa = PBXFileReference; lastKnownFileType = sourcecode.swift; path = DownloadViewController.swift; sourceTree = "<group>"; };
		A2FF825328748F81003F7F1C /* DownloadTableViewCell.swift */ = {isa = PBXFileReference; lastKnownFileType = sourcecode.swift; path = DownloadTableViewCell.swift; sourceTree = "<group>"; };
		A2FF825C28759045003F7F1C /* video.mp4 */ = {isa = PBXFileReference; lastKnownFileType = file; path = video.mp4; sourceTree = "<group>"; };
		A2FF82602875AD5D003F7F1C /* DataMovieRealm.swift */ = {isa = PBXFileReference; lastKnownFileType = sourcecode.swift; path = DataMovieRealm.swift; sourceTree = "<group>"; };
		A2FF82642875F4E5003F7F1C /* Json4Swift_Base.swift */ = {isa = PBXFileReference; fileEncoding = 4; lastKnownFileType = sourcecode.swift; path = Json4Swift_Base.swift; sourceTree = "<group>"; };
		A2FF82652875F4E6003F7F1C /* Results.swift */ = {isa = PBXFileReference; fileEncoding = 4; lastKnownFileType = sourcecode.swift; path = Results.swift; sourceTree = "<group>"; };
		A2FF826828771F67003F7F1C /* APIManager.swift */ = {isa = PBXFileReference; lastKnownFileType = sourcecode.swift; path = APIManager.swift; sourceTree = "<group>"; };
		A2FF826A28772143003F7F1C /* NetworkManagerTest.swift */ = {isa = PBXFileReference; lastKnownFileType = sourcecode.swift; path = NetworkManagerTest.swift; sourceTree = "<group>"; };
		A2FF826C2877275B003F7F1C /* TVJSON.swift */ = {isa = PBXFileReference; lastKnownFileType = sourcecode.swift; path = TVJSON.swift; sourceTree = "<group>"; };
		DBC23134A1656AF5439244BA /* Pods-Movie Theater App.debug.xcconfig */ = {isa = PBXFileReference; includeInIndex = 1; lastKnownFileType = text.xcconfig; name = "Pods-Movie Theater App.debug.xcconfig"; path = "Target Support Files/Pods-Movie Theater App/Pods-Movie Theater App.debug.xcconfig"; sourceTree = "<group>"; };
		EADDBA3A10021C6B3ADC2BA0 /* Pods_Movie_Theater_App.framework */ = {isa = PBXFileReference; explicitFileType = wrapper.framework; includeInIndex = 0; path = Pods_Movie_Theater_App.framework; sourceTree = BUILT_PRODUCTS_DIR; };
/* End PBXFileReference section */

/* Begin PBXFrameworksBuildPhase section */
		A287036428621A8900152415 /* Frameworks */ = {
			isa = PBXFrameworksBuildPhase;
			buildActionMask = 2147483647;
			files = (
				20659B93FC858ECDE8E194C1 /* Pods_Movie_Theater_App.framework in Frameworks */,
			);
			runOnlyForDeploymentPostprocessing = 0;
		};
/* End PBXFrameworksBuildPhase section */

/* Begin PBXGroup section */
		289D609853C2F480DED08A11 /* Pods */ = {
			isa = PBXGroup;
			children = (
				DBC23134A1656AF5439244BA /* Pods-Movie Theater App.debug.xcconfig */,
				96731ADA862909728F10AA76 /* Pods-Movie Theater App.release.xcconfig */,
			);
			path = Pods;
			sourceTree = "<group>";
		};
		A287035E28621A8900152415 = {
			isa = PBXGroup;
			children = (
				A287036928621A8900152415 /* Movie Theater App */,
				A287036828621A8900152415 /* Products */,
				289D609853C2F480DED08A11 /* Pods */,
				A9FEAF39CF65E05B882B8E22 /* Frameworks */,
			);
			sourceTree = "<group>";
		};
		A287036828621A8900152415 /* Products */ = {
			isa = PBXGroup;
			children = (
				A287036728621A8900152415 /* Movie Theater App.app */,
			);
			name = Products;
			sourceTree = "<group>";
		};
		A287036928621A8900152415 /* Movie Theater App */ = {
			isa = PBXGroup;
			children = (
				A2FF825C28759045003F7F1C /* video.mp4 */,
				A287036A28621A8900152415 /* AppDelegate.swift */,
				A287036C28621A8900152415 /* SceneDelegate.swift */,
				A28703AA2866E3A500152415 /* Models */,
				A28703A3286373AB00152415 /* Controllers */,
				A28703882862210E00152415 /* Constants.swift */,
				A287038028621E6D00152415 /* Cell */,
				A287037028621A8900152415 /* Main.storyboard */,
				A287037328621A8B00152415 /* Assets.xcassets */,
				A287037528621A8B00152415 /* LaunchScreen.storyboard */,
				A287037828621A8B00152415 /* Info.plist */,
			);
			path = "Movie Theater App";
			sourceTree = "<group>";
		};
		A287038028621E6D00152415 /* Cell */ = {
			isa = PBXGroup;
			children = (
				A287037E28621E6900152415 /* HomeTableViewCell.swift */,
				A2FF825328748F81003F7F1C /* DownloadTableViewCell.swift */,
				A287039F286372F300152415 /* HotTableViewCell.swift */,
				A28703B02866E48700152415 /* Podfile */,
				A28703A6286378AE00152415 /* SearchTableViewCell.swift */,
				A28703A0286372F300152415 /* HotTableViewCell.xib */,
				A287038128621E8500152415 /* HomeCollectionViewCell.swift */,
				A287038328621E8A00152415 /* Extension */,
			);
			path = Cell;
			sourceTree = "<group>";
		};
		A287038328621E8A00152415 /* Extension */ = {
			isa = PBXGroup;
			children = (
				A28703B4286B102C00152415 /* Home Screen */,
				A28703B6286B105100152415 /* Hot & New Screen */,
				A28703B5286B104000152415 /* Search Screen */,
			);
			path = Extension;
			sourceTree = "<group>";
		};
		A28703A3286373AB00152415 /* Controllers */ = {
			isa = PBXGroup;
			children = (
				A287036E28621A8900152415 /* HomeViewController.swift */,
				A287039B2863726E00152415 /* HotViewController.swift */,
				A28703A42863784D00152415 /* SearchViewController.swift */,
				A28703B22866F92200152415 /* DetailsViewController.swift */,
				A2FF825128748F16003F7F1C /* DownloadViewController.swift */,
			);
			path = Controllers;
			sourceTree = "<group>";
		};
		A28703AA2866E3A500152415 /* Models */ = {
			isa = PBXGroup;
			children = (
				A2FF82632875F4DB003F7F1C /* Video */,
				A2FF825528749240003F7F1C /* JSON Models */,
				A2FF823F287305C7003F7F1C /* NetworkManager */,
			);
			path = Models;
			sourceTree = "<group>";
		};
		A28703AB2866E3B000152415 /* Movie */ = {
			isa = PBXGroup;
			children = (
				A28703AC2866E3C300152415 /* Movies.swift */,
				A28703AE2866E3DE00152415 /* ResultsMovies.swift */,
			);
			path = Movie;
			sourceTree = "<group>";
		};
		A28703B4286B102C00152415 /* Home Screen */ = {
			isa = PBXGroup;
			children = (
				A287038428621E9E00152415 /* HomeTableViewExtensions.swift */,
				A287038628621EAC00152415 /* HomeCollectionViewExtensions.swift */,
			);
			path = "Home Screen";
			sourceTree = "<group>";
		};
		A28703B5286B104000152415 /* Search Screen */ = {
			isa = PBXGroup;
			children = (
				A28703A828637A4600152415 /* SearchTableViewExtensions.swift */,
			);
			path = "Search Screen";
			sourceTree = "<group>";
		};
		A28703B6286B105100152415 /* Hot & New Screen */ = {
			isa = PBXGroup;
			children = (
				A28703992863725100152415 /* HotTableViewExtensions.swift */,
			);
			path = "Hot & New Screen";
			sourceTree = "<group>";
		};
		A2FF823F287305C7003F7F1C /* NetworkManager */ = {
			isa = PBXGroup;
			children = (
				A2FF8240287305DC003F7F1C /* NetworkManager.swift */,
				A2FF826828771F67003F7F1C /* APIManager.swift */,
				A2FF826A28772143003F7F1C /* NetworkManagerTest.swift */,
				A2FF824E28748CA0003F7F1C /* DataManager */,
			);
			path = NetworkManager;
			sourceTree = "<group>";
		};
		A2FF8242287326E5003F7F1C /* TV */ = {
			isa = PBXGroup;
			children = (
				A2FF824728732706003F7F1C /* TV.swift */,
				A2FF824528732704003F7F1C /* ResultsTV.swift */,
				A2FF826C2877275B003F7F1C /* TVJSON.swift */,
			);
			path = TV;
			sourceTree = "<group>";
		};
		A2FF824E28748CA0003F7F1C /* DataManager */ = {
			isa = PBXGroup;
			children = (
				A2FF824F28748CB3003F7F1C /* DataManager.swift */,
				A2FF82602875AD5D003F7F1C /* DataMovieRealm.swift */,
			);
			path = DataManager;
			sourceTree = "<group>";
		};
		A2FF825528749240003F7F1C /* JSON Models */ = {
			isa = PBXGroup;
			children = (
				A2FF82592874942F003F7F1C /* Upcoming */,
				A2FF825628749258003F7F1C /* Popular */,
				A28703AB2866E3B000152415 /* Movie */,
				A2FF8242287326E5003F7F1C /* TV */,
			);
			path = "JSON Models";
			sourceTree = "<group>";
		};
		A2FF825628749258003F7F1C /* Popular */ = {
			isa = PBXGroup;
			children = (
				A2FF5A03287C256E002E9AD6 /* ResultPopular.swift */,
				A2FF5A04287C256E002E9AD6 /* PopularMedia.swift */,
			);
			path = Popular;
			sourceTree = "<group>";
		};
		A2FF82592874942F003F7F1C /* Upcoming */ = {
			isa = PBXGroup;
			children = (
				A2F8F53A287C519800834D11 /* UpcomingMedia.swift */,
				A2F8F53C287C519B00834D11 /* UpcomingResults.swift */,
				A2F8F53E287C51D000834D11 /* Dates.swift */,
			);
			path = Upcoming;
			sourceTree = "<group>";
		};
		A2FF82632875F4DB003F7F1C /* Video */ = {
			isa = PBXGroup;
			children = (
				A2FF82642875F4E5003F7F1C /* Json4Swift_Base.swift */,
				A2FF82652875F4E6003F7F1C /* Results.swift */,
			);
			path = Video;
			sourceTree = "<group>";
		};
		A9FEAF39CF65E05B882B8E22 /* Frameworks */ = {
			isa = PBXGroup;
			children = (
				EADDBA3A10021C6B3ADC2BA0 /* Pods_Movie_Theater_App.framework */,
			);
			name = Frameworks;
			sourceTree = "<group>";
		};
/* End PBXGroup section */

/* Begin PBXNativeTarget section */
		A287036628621A8900152415 /* Movie Theater App */ = {
			isa = PBXNativeTarget;
			buildConfigurationList = A287037B28621A8B00152415 /* Build configuration list for PBXNativeTarget "Movie Theater App" */;
			buildPhases = (
				5B65E992FEE6158D11C77C0C /* [CP] Check Pods Manifest.lock */,
				A287036328621A8900152415 /* Sources */,
				A287036428621A8900152415 /* Frameworks */,
				A287036528621A8900152415 /* Resources */,
				6D7225E9C0680680939B1083 /* [CP] Embed Pods Frameworks */,
			);
			buildRules = (
			);
			dependencies = (
			);
			name = "Movie Theater App";
			productName = "Movie Theater App";
			productReference = A287036728621A8900152415 /* Movie Theater App.app */;
			productType = "com.apple.product-type.application";
		};
/* End PBXNativeTarget section */

/* Begin PBXProject section */
		A287035F28621A8900152415 /* Project object */ = {
			isa = PBXProject;
			attributes = {
				BuildIndependentTargetsInParallel = 1;
				LastSwiftUpdateCheck = 1340;
				LastUpgradeCheck = 1340;
				TargetAttributes = {
					A287036628621A8900152415 = {
						CreatedOnToolsVersion = 13.4.1;
					};
				};
			};
			buildConfigurationList = A287036228621A8900152415 /* Build configuration list for PBXProject "Movie Theater App" */;
			compatibilityVersion = "Xcode 13.0";
			developmentRegion = en;
			hasScannedForEncodings = 0;
			knownRegions = (
				en,
				Base,
			);
			mainGroup = A287035E28621A8900152415;
			productRefGroup = A287036828621A8900152415 /* Products */;
			projectDirPath = "";
			projectRoot = "";
			targets = (
				A287036628621A8900152415 /* Movie Theater App */,
			);
		};
/* End PBXProject section */

/* Begin PBXResourcesBuildPhase section */
		A287036528621A8900152415 /* Resources */ = {
			isa = PBXResourcesBuildPhase;
			buildActionMask = 2147483647;
			files = (
				A28703B12866E48700152415 /* Podfile in Resources */,
				A2FF82622875D09E003F7F1C /* video.mp4 in Resources */,
				A287037728621A8B00152415 /* LaunchScreen.storyboard in Resources */,
				A287037428621A8B00152415 /* Assets.xcassets in Resources */,
				A287037228621A8900152415 /* Main.storyboard in Resources */,
				A28703A2286372F300152415 /* HotTableViewCell.xib in Resources */,
			);
			runOnlyForDeploymentPostprocessing = 0;
		};
/* End PBXResourcesBuildPhase section */

/* Begin PBXShellScriptBuildPhase section */
		5B65E992FEE6158D11C77C0C /* [CP] Check Pods Manifest.lock */ = {
			isa = PBXShellScriptBuildPhase;
			buildActionMask = 2147483647;
			files = (
			);
			inputFileListPaths = (
			);
			inputPaths = (
				"${PODS_PODFILE_DIR_PATH}/Podfile.lock",
				"${PODS_ROOT}/Manifest.lock",
			);
			name = "[CP] Check Pods Manifest.lock";
			outputFileListPaths = (
			);
			outputPaths = (
				"$(DERIVED_FILE_DIR)/Pods-Movie Theater App-checkManifestLockResult.txt",
			);
			runOnlyForDeploymentPostprocessing = 0;
			shellPath = /bin/sh;
			shellScript = "diff \"${PODS_PODFILE_DIR_PATH}/Podfile.lock\" \"${PODS_ROOT}/Manifest.lock\" > /dev/null\nif [ $? != 0 ] ; then\n    # print error to STDERR\n    echo \"error: The sandbox is not in sync with the Podfile.lock. Run 'pod install' or update your CocoaPods installation.\" >&2\n    exit 1\nfi\n# This output is used by Xcode 'outputs' to avoid re-running this script phase.\necho \"SUCCESS\" > \"${SCRIPT_OUTPUT_FILE_0}\"\n";
			showEnvVarsInLog = 0;
		};
		6D7225E9C0680680939B1083 /* [CP] Embed Pods Frameworks */ = {
			isa = PBXShellScriptBuildPhase;
			buildActionMask = 2147483647;
			files = (
			);
			inputFileListPaths = (
				"${PODS_ROOT}/Target Support Files/Pods-Movie Theater App/Pods-Movie Theater App-frameworks-${CONFIGURATION}-input-files.xcfilelist",
			);
			name = "[CP] Embed Pods Frameworks";
			outputFileListPaths = (
				"${PODS_ROOT}/Target Support Files/Pods-Movie Theater App/Pods-Movie Theater App-frameworks-${CONFIGURATION}-output-files.xcfilelist",
			);
			runOnlyForDeploymentPostprocessing = 0;
			shellPath = /bin/sh;
			shellScript = "\"${PODS_ROOT}/Target Support Files/Pods-Movie Theater App/Pods-Movie Theater App-frameworks.sh\"\n";
			showEnvVarsInLog = 0;
		};
/* End PBXShellScriptBuildPhase section */

/* Begin PBXSourcesBuildPhase section */
		A287036328621A8900152415 /* Sources */ = {
			isa = PBXSourcesBuildPhase;
			buildActionMask = 2147483647;
			files = (
				A287039C2863726E00152415 /* HotViewController.swift in Sources */,
				A287038228621E8500152415 /* HomeCollectionViewCell.swift in Sources */,
				A28703892862210E00152415 /* Constants.swift in Sources */,
				A28703AF2866E3DE00152415 /* ResultsMovies.swift in Sources */,
				A2FF5A05287C256E002E9AD6 /* ResultPopular.swift in Sources */,
				A2FF826928771F67003F7F1C /* APIManager.swift in Sources */,
				A28703A1286372F300152415 /* HotTableViewCell.swift in Sources */,
				A2FF82612875AD5D003F7F1C /* DataMovieRealm.swift in Sources */,
				A287038728621EAC00152415 /* HomeCollectionViewExtensions.swift in Sources */,
				A2FF825028748CB3003F7F1C /* DataManager.swift in Sources */,
				A28703AD2866E3C300152415 /* Movies.swift in Sources */,
				A2F8F53F287C51D000834D11 /* Dates.swift in Sources */,
				A2FF82672875F4E6003F7F1C /* Results.swift in Sources */,
				A2FF8241287305DC003F7F1C /* NetworkManager.swift in Sources */,
				A287036F28621A8900152415 /* HomeViewController.swift in Sources */,
				A2FF826D2877275B003F7F1C /* TVJSON.swift in Sources */,
				A28703A52863784D00152415 /* SearchViewController.swift in Sources */,
				A28703B32866F92200152415 /* DetailsViewController.swift in Sources */,
				A2FF5A06287C256F002E9AD6 /* PopularMedia.swift in Sources */,
				A28703A928637A4600152415 /* SearchTableViewExtensions.swift in Sources */,
				A287036B28621A8900152415 /* AppDelegate.swift in Sources */,
				A2F8F53D287C519B00834D11 /* UpcomingResults.swift in Sources */,
				A2FF826B28772143003F7F1C /* NetworkManagerTest.swift in Sources */,
				A2FF825228748F16003F7F1C /* DownloadViewController.swift in Sources */,
				A28703A7286378AE00152415 /* SearchTableViewCell.swift in Sources */,
				A2FF824828732706003F7F1C /* TV.swift in Sources */,
				A2FF82662875F4E6003F7F1C /* Json4Swift_Base.swift in Sources */,
				A2FF825428748F81003F7F1C /* DownloadTableViewCell.swift in Sources */,
				A287037F28621E6900152415 /* HomeTableViewCell.swift in Sources */,
				A287038528621E9E00152415 /* HomeTableViewExtensions.swift in Sources */,
				A287036D28621A8900152415 /* SceneDelegate.swift in Sources */,
				A2FF824628732704003F7F1C /* ResultsTV.swift in Sources */,
				A2F8F53B287C519800834D11 /* UpcomingMedia.swift in Sources */,
				A287039A2863725100152415 /* HotTableViewExtensions.swift in Sources */,
			);
			runOnlyForDeploymentPostprocessing = 0;
		};
/* End PBXSourcesBuildPhase section */

/* Begin PBXVariantGroup section */
		A287037028621A8900152415 /* Main.storyboard */ = {
			isa = PBXVariantGroup;
			children = (
				A287037128621A8900152415 /* Base */,
			);
			name = Main.storyboard;
			sourceTree = "<group>";
		};
		A287037528621A8B00152415 /* LaunchScreen.storyboard */ = {
			isa = PBXVariantGroup;
			children = (
				A287037628621A8B00152415 /* Base */,
			);
			name = LaunchScreen.storyboard;
			sourceTree = "<group>";
		};
/* End PBXVariantGroup section */

/* Begin XCBuildConfiguration section */
		A287037928621A8B00152415 /* Debug */ = {
			isa = XCBuildConfiguration;
			buildSettings = {
				ALWAYS_SEARCH_USER_PATHS = NO;
				CLANG_ANALYZER_NONNULL = YES;
				CLANG_ANALYZER_NUMBER_OBJECT_CONVERSION = YES_AGGRESSIVE;
				CLANG_CXX_LANGUAGE_STANDARD = "gnu++17";
				CLANG_ENABLE_MODULES = YES;
				CLANG_ENABLE_OBJC_ARC = YES;
				CLANG_ENABLE_OBJC_WEAK = YES;
				CLANG_WARN_BLOCK_CAPTURE_AUTORELEASING = YES;
				CLANG_WARN_BOOL_CONVERSION = YES;
				CLANG_WARN_COMMA = YES;
				CLANG_WARN_CONSTANT_CONVERSION = YES;
				CLANG_WARN_DEPRECATED_OBJC_IMPLEMENTATIONS = YES;
				CLANG_WARN_DIRECT_OBJC_ISA_USAGE = YES_ERROR;
				CLANG_WARN_DOCUMENTATION_COMMENTS = YES;
				CLANG_WARN_EMPTY_BODY = YES;
				CLANG_WARN_ENUM_CONVERSION = YES;
				CLANG_WARN_INFINITE_RECURSION = YES;
				CLANG_WARN_INT_CONVERSION = YES;
				CLANG_WARN_NON_LITERAL_NULL_CONVERSION = YES;
				CLANG_WARN_OBJC_IMPLICIT_RETAIN_SELF = YES;
				CLANG_WARN_OBJC_LITERAL_CONVERSION = YES;
				CLANG_WARN_OBJC_ROOT_CLASS = YES_ERROR;
				CLANG_WARN_QUOTED_INCLUDE_IN_FRAMEWORK_HEADER = YES;
				CLANG_WARN_RANGE_LOOP_ANALYSIS = YES;
				CLANG_WARN_STRICT_PROTOTYPES = YES;
				CLANG_WARN_SUSPICIOUS_MOVE = YES;
				CLANG_WARN_UNGUARDED_AVAILABILITY = YES_AGGRESSIVE;
				CLANG_WARN_UNREACHABLE_CODE = YES;
				CLANG_WARN__DUPLICATE_METHOD_MATCH = YES;
				COPY_PHASE_STRIP = NO;
				DEBUG_INFORMATION_FORMAT = dwarf;
				ENABLE_STRICT_OBJC_MSGSEND = YES;
				ENABLE_TESTABILITY = YES;
				GCC_C_LANGUAGE_STANDARD = gnu11;
				GCC_DYNAMIC_NO_PIC = NO;
				GCC_NO_COMMON_BLOCKS = YES;
				GCC_OPTIMIZATION_LEVEL = 0;
				GCC_PREPROCESSOR_DEFINITIONS = (
					"DEBUG=1",
					"$(inherited)",
				);
				GCC_WARN_64_TO_32_BIT_CONVERSION = YES;
				GCC_WARN_ABOUT_RETURN_TYPE = YES_ERROR;
				GCC_WARN_UNDECLARED_SELECTOR = YES;
				GCC_WARN_UNINITIALIZED_AUTOS = YES_AGGRESSIVE;
				GCC_WARN_UNUSED_FUNCTION = YES;
				GCC_WARN_UNUSED_VARIABLE = YES;
				IPHONEOS_DEPLOYMENT_TARGET = 15.5;
				MTL_ENABLE_DEBUG_INFO = INCLUDE_SOURCE;
				MTL_FAST_MATH = YES;
				ONLY_ACTIVE_ARCH = YES;
				SDKROOT = iphoneos;
				SWIFT_ACTIVE_COMPILATION_CONDITIONS = DEBUG;
				SWIFT_OPTIMIZATION_LEVEL = "-Onone";
			};
			name = Debug;
		};
		A287037A28621A8B00152415 /* Release */ = {
			isa = XCBuildConfiguration;
			buildSettings = {
				ALWAYS_SEARCH_USER_PATHS = NO;
				CLANG_ANALYZER_NONNULL = YES;
				CLANG_ANALYZER_NUMBER_OBJECT_CONVERSION = YES_AGGRESSIVE;
				CLANG_CXX_LANGUAGE_STANDARD = "gnu++17";
				CLANG_ENABLE_MODULES = YES;
				CLANG_ENABLE_OBJC_ARC = YES;
				CLANG_ENABLE_OBJC_WEAK = YES;
				CLANG_WARN_BLOCK_CAPTURE_AUTORELEASING = YES;
				CLANG_WARN_BOOL_CONVERSION = YES;
				CLANG_WARN_COMMA = YES;
				CLANG_WARN_CONSTANT_CONVERSION = YES;
				CLANG_WARN_DEPRECATED_OBJC_IMPLEMENTATIONS = YES;
				CLANG_WARN_DIRECT_OBJC_ISA_USAGE = YES_ERROR;
				CLANG_WARN_DOCUMENTATION_COMMENTS = YES;
				CLANG_WARN_EMPTY_BODY = YES;
				CLANG_WARN_ENUM_CONVERSION = YES;
				CLANG_WARN_INFINITE_RECURSION = YES;
				CLANG_WARN_INT_CONVERSION = YES;
				CLANG_WARN_NON_LITERAL_NULL_CONVERSION = YES;
				CLANG_WARN_OBJC_IMPLICIT_RETAIN_SELF = YES;
				CLANG_WARN_OBJC_LITERAL_CONVERSION = YES;
				CLANG_WARN_OBJC_ROOT_CLASS = YES_ERROR;
				CLANG_WARN_QUOTED_INCLUDE_IN_FRAMEWORK_HEADER = YES;
				CLANG_WARN_RANGE_LOOP_ANALYSIS = YES;
				CLANG_WARN_STRICT_PROTOTYPES = YES;
				CLANG_WARN_SUSPICIOUS_MOVE = YES;
				CLANG_WARN_UNGUARDED_AVAILABILITY = YES_AGGRESSIVE;
				CLANG_WARN_UNREACHABLE_CODE = YES;
				CLANG_WARN__DUPLICATE_METHOD_MATCH = YES;
				COPY_PHASE_STRIP = NO;
				DEBUG_INFORMATION_FORMAT = "dwarf-with-dsym";
				ENABLE_NS_ASSERTIONS = NO;
				ENABLE_STRICT_OBJC_MSGSEND = YES;
				GCC_C_LANGUAGE_STANDARD = gnu11;
				GCC_NO_COMMON_BLOCKS = YES;
				GCC_WARN_64_TO_32_BIT_CONVERSION = YES;
				GCC_WARN_ABOUT_RETURN_TYPE = YES_ERROR;
				GCC_WARN_UNDECLARED_SELECTOR = YES;
				GCC_WARN_UNINITIALIZED_AUTOS = YES_AGGRESSIVE;
				GCC_WARN_UNUSED_FUNCTION = YES;
				GCC_WARN_UNUSED_VARIABLE = YES;
				IPHONEOS_DEPLOYMENT_TARGET = 15.5;
				MTL_ENABLE_DEBUG_INFO = NO;
				MTL_FAST_MATH = YES;
				SDKROOT = iphoneos;
				SWIFT_COMPILATION_MODE = wholemodule;
				SWIFT_OPTIMIZATION_LEVEL = "-O";
				VALIDATE_PRODUCT = YES;
			};
			name = Release;
		};
		A287037C28621A8B00152415 /* Debug */ = {
			isa = XCBuildConfiguration;
			baseConfigurationReference = DBC23134A1656AF5439244BA /* Pods-Movie Theater App.debug.xcconfig */;
			buildSettings = {
				ASSETCATALOG_COMPILER_APPICON_NAME = AppIcon;
				ASSETCATALOG_COMPILER_GLOBAL_ACCENT_COLOR_NAME = AccentColor;
				CODE_SIGN_STYLE = Automatic;
				CURRENT_PROJECT_VERSION = 1;
				GENERATE_INFOPLIST_FILE = YES;
				INFOPLIST_FILE = "Movie Theater App/Info.plist";
				INFOPLIST_KEY_UIApplicationSupportsIndirectInputEvents = YES;
				INFOPLIST_KEY_UILaunchStoryboardName = LaunchScreen;
				INFOPLIST_KEY_UIMainStoryboardFile = Main;
				INFOPLIST_KEY_UISupportedInterfaceOrientations_iPad = "UIInterfaceOrientationPortrait UIInterfaceOrientationPortraitUpsideDown UIInterfaceOrientationLandscapeLeft UIInterfaceOrientationLandscapeRight";
				INFOPLIST_KEY_UISupportedInterfaceOrientations_iPhone = "UIInterfaceOrientationPortrait UIInterfaceOrientationLandscapeLeft UIInterfaceOrientationLandscapeRight";
				LD_RUNPATH_SEARCH_PATHS = (
					"$(inherited)",
					"@executable_path/Frameworks",
				);
				MARKETING_VERSION = 1.0;
				PRODUCT_BUNDLE_IDENTIFIER = "-.Movie-Theater-App";
				PRODUCT_NAME = "$(TARGET_NAME)";
				SWIFT_EMIT_LOC_STRINGS = YES;
				SWIFT_VERSION = 5.0;
				TARGETED_DEVICE_FAMILY = "1,2";
			};
			name = Debug;
		};
		A287037D28621A8B00152415 /* Release */ = {
			isa = XCBuildConfiguration;
			baseConfigurationReference = 96731ADA862909728F10AA76 /* Pods-Movie Theater App.release.xcconfig */;
			buildSettings = {
				ASSETCATALOG_COMPILER_APPICON_NAME = AppIcon;
				ASSETCATALOG_COMPILER_GLOBAL_ACCENT_COLOR_NAME = AccentColor;
				CODE_SIGN_STYLE = Automatic;
				CURRENT_PROJECT_VERSION = 1;
				GENERATE_INFOPLIST_FILE = YES;
				INFOPLIST_FILE = "Movie Theater App/Info.plist";
				INFOPLIST_KEY_UIApplicationSupportsIndirectInputEvents = YES;
				INFOPLIST_KEY_UILaunchStoryboardName = LaunchScreen;
				INFOPLIST_KEY_UIMainStoryboardFile = Main;
				INFOPLIST_KEY_UISupportedInterfaceOrientations_iPad = "UIInterfaceOrientationPortrait UIInterfaceOrientationPortraitUpsideDown UIInterfaceOrientationLandscapeLeft UIInterfaceOrientationLandscapeRight";
				INFOPLIST_KEY_UISupportedInterfaceOrientations_iPhone = "UIInterfaceOrientationPortrait UIInterfaceOrientationLandscapeLeft UIInterfaceOrientationLandscapeRight";
				LD_RUNPATH_SEARCH_PATHS = (
					"$(inherited)",
					"@executable_path/Frameworks",
				);
				MARKETING_VERSION = 1.0;
				PRODUCT_BUNDLE_IDENTIFIER = "-.Movie-Theater-App";
				PRODUCT_NAME = "$(TARGET_NAME)";
				SWIFT_EMIT_LOC_STRINGS = YES;
				SWIFT_VERSION = 5.0;
				TARGETED_DEVICE_FAMILY = "1,2";
			};
			name = Release;
		};
/* End XCBuildConfiguration section */

/* Begin XCConfigurationList section */
		A287036228621A8900152415 /* Build configuration list for PBXProject "Movie Theater App" */ = {
			isa = XCConfigurationList;
			buildConfigurations = (
				A287037928621A8B00152415 /* Debug */,
				A287037A28621A8B00152415 /* Release */,
			);
			defaultConfigurationIsVisible = 0;
			defaultConfigurationName = Release;
		};
		A287037B28621A8B00152415 /* Build configuration list for PBXNativeTarget "Movie Theater App" */ = {
			isa = XCConfigurationList;
			buildConfigurations = (
				A287037C28621A8B00152415 /* Debug */,
				A287037D28621A8B00152415 /* Release */,
			);
			defaultConfigurationIsVisible = 0;
			defaultConfigurationName = Release;
		};
/* End XCConfigurationList section */
	};
	rootObject = A287035F28621A8900152415 /* Project object */;
}
